// !$*UTF8*$!
{
	archiveVersion = 1;
	classes = {
	};
	objectVersion = 50;
	objects = {

/* Begin PBXBuildFile section */
		31076E5224DA727200E5C101 /* NumberOfOnes.cpp in Sources */ = {isa = PBXBuildFile; fileRef = 31076E5124DA727200E5C101 /* NumberOfOnes.cpp */; };
		311922FF24BEC71E009FF0F0 /* LineSegments.cpp in Sources */ = {isa = PBXBuildFile; fileRef = 311922FE24BEC71E009FF0F0 /* LineSegments.cpp */; };
		311A2AE324B84406000FFBFE /* testbed.cpp in Sources */ = {isa = PBXBuildFile; fileRef = 311A2AE224B84406000FFBFE /* testbed.cpp */; };
		3152365224D1C1C3000D6C5C /* RoomAllocator.cpp in Sources */ = {isa = PBXBuildFile; fileRef = 3152365124D1C1C3000D6C5C /* RoomAllocator.cpp */; };
		3156D2F824BDC9D30090066F /* LongestSubsequence.cpp in Sources */ = {isa = PBXBuildFile; fileRef = 3156D2E624BD985A0090066F /* LongestSubsequence.cpp */; };
		3184A71424E2806C00E95157 /* RoadNetwork.cpp in Sources */ = {isa = PBXBuildFile; fileRef = 3184A71324E2806C00E95157 /* RoadNetwork.cpp */; };
		31858E3724D1C8F100E72D20 /* FindOccurrences.cpp in Sources */ = {isa = PBXBuildFile; fileRef = 31858E3624D1C8F100E72D20 /* FindOccurrences.cpp */; };
		3185D95824B844C0007DF821 /* Sort.cpp in Sources */ = {isa = PBXBuildFile; fileRef = 3185D95724B844C0007DF821 /* Sort.cpp */; };
		3185D96024B844F9007DF821 /* Search.cpp in Sources */ = {isa = PBXBuildFile; fileRef = 3185D95F24B844F9007DF821 /* Search.cpp */; };
		3185D96B24B8451E007DF821 /* SumOfPairs.cpp in Sources */ = {isa = PBXBuildFile; fileRef = 3185D96A24B8451E007DF821 /* SumOfPairs.cpp */; };
/* End PBXBuildFile section */

/* Begin PBXCopyFilesBuildPhase section */
		31076E4824DA725800E5C101 /* CopyFiles */ = {
			isa = PBXCopyFilesBuildPhase;
			buildActionMask = 2147483647;
			dstPath = /usr/share/man/man1/;
			dstSubfolderSpec = 0;
			files = (
			);
			runOnlyForDeploymentPostprocessing = 1;
		};
		311922F524BEC6FE009FF0F0 /* CopyFiles */ = {
			isa = PBXCopyFilesBuildPhase;
			buildActionMask = 2147483647;
			dstPath = /usr/share/man/man1/;
			dstSubfolderSpec = 0;
			files = (
			);
			runOnlyForDeploymentPostprocessing = 1;
		};
		311A2ADE24B84406000FFBFE /* CopyFiles */ = {
			isa = PBXCopyFilesBuildPhase;
			buildActionMask = 2147483647;
			dstPath = /usr/share/man/man1/;
			dstSubfolderSpec = 0;
			files = (
			);
			runOnlyForDeploymentPostprocessing = 1;
		};
		3152364824D1C19B000D6C5C /* CopyFiles */ = {
			isa = PBXCopyFilesBuildPhase;
			buildActionMask = 2147483647;
			dstPath = /usr/share/man/man1/;
			dstSubfolderSpec = 0;
			files = (
			);
			runOnlyForDeploymentPostprocessing = 1;
		};
		3156D2EF24BDC9720090066F /* CopyFiles */ = {
			isa = PBXCopyFilesBuildPhase;
			buildActionMask = 2147483647;
			dstPath = /usr/share/man/man1/;
			dstSubfolderSpec = 0;
			files = (
			);
			runOnlyForDeploymentPostprocessing = 1;
		};
		3184A70A24E2805000E95157 /* CopyFiles */ = {
			isa = PBXCopyFilesBuildPhase;
			buildActionMask = 2147483647;
			dstPath = /usr/share/man/man1/;
			dstSubfolderSpec = 0;
			files = (
			);
			runOnlyForDeploymentPostprocessing = 1;
		};
		31858E2D24D1C8D400E72D20 /* CopyFiles */ = {
			isa = PBXCopyFilesBuildPhase;
			buildActionMask = 2147483647;
			dstPath = /usr/share/man/man1/;
			dstSubfolderSpec = 0;
			files = (
			);
			runOnlyForDeploymentPostprocessing = 1;
		};
		3185D94E24B844A3007DF821 /* CopyFiles */ = {
			isa = PBXCopyFilesBuildPhase;
			buildActionMask = 2147483647;
			dstPath = /usr/share/man/man1/;
			dstSubfolderSpec = 0;
			files = (
			);
			runOnlyForDeploymentPostprocessing = 1;
		};
		3185D95B24B844F9007DF821 /* CopyFiles */ = {
			isa = PBXCopyFilesBuildPhase;
			buildActionMask = 2147483647;
			dstPath = /usr/share/man/man1/;
			dstSubfolderSpec = 0;
			files = (
			);
			runOnlyForDeploymentPostprocessing = 1;
		};
		3185D96624B8451E007DF821 /* CopyFiles */ = {
			isa = PBXCopyFilesBuildPhase;
			buildActionMask = 2147483647;
			dstPath = /usr/share/man/man1/;
			dstSubfolderSpec = 0;
			files = (
			);
			runOnlyForDeploymentPostprocessing = 1;
		};
/* End PBXCopyFilesBuildPhase section */

/* Begin PBXFileReference section */
		31076E4A24DA725800E5C101 /* NumberOfOnes */ = {isa = PBXFileReference; explicitFileType = "compiled.mach-o.executable"; includeInIndex = 0; path = NumberOfOnes; sourceTree = BUILT_PRODUCTS_DIR; };
		31076E5124DA727200E5C101 /* NumberOfOnes.cpp */ = {isa = PBXFileReference; lastKnownFileType = sourcecode.cpp.cpp; path = NumberOfOnes.cpp; sourceTree = "<group>"; };
		31076E5324DA728000E5C101 /* data.txt */ = {isa = PBXFileReference; lastKnownFileType = text; path = data.txt; sourceTree = "<group>"; };
		31076E5424DA728B00E5C101 /* Description.md */ = {isa = PBXFileReference; lastKnownFileType = net.daringfireball.markdown; path = Description.md; sourceTree = "<group>"; };
		3115A14C24B875EA0017D543 /* data.txt */ = {isa = PBXFileReference; lastKnownFileType = text; path = data.txt; sourceTree = "<group>"; };
		3115A14D24B876310017D543 /* Description.md */ = {isa = PBXFileReference; lastKnownFileType = net.daringfireball.markdown; path = Description.md; sourceTree = "<group>"; };
		311922F724BEC6FE009FF0F0 /* LineSegments */ = {isa = PBXFileReference; explicitFileType = "compiled.mach-o.executable"; includeInIndex = 0; path = LineSegments; sourceTree = BUILT_PRODUCTS_DIR; };
		311922FE24BEC71E009FF0F0 /* LineSegments.cpp */ = {isa = PBXFileReference; lastKnownFileType = sourcecode.cpp.cpp; path = LineSegments.cpp; sourceTree = "<group>"; };
		3119230024BEC75C009FF0F0 /* Description.md */ = {isa = PBXFileReference; lastKnownFileType = net.daringfireball.markdown; path = Description.md; sourceTree = "<group>"; };
		3119230124BEC84F009FF0F0 /* data.txt */ = {isa = PBXFileReference; lastKnownFileType = text; path = data.txt; sourceTree = "<group>"; };
		311A2AE024B84406000FFBFE /* testbed */ = {isa = PBXFileReference; explicitFileType = "compiled.mach-o.executable"; includeInIndex = 0; path = testbed; sourceTree = BUILT_PRODUCTS_DIR; };
		311A2AE224B84406000FFBFE /* testbed.cpp */ = {isa = PBXFileReference; lastKnownFileType = sourcecode.cpp.cpp; path = testbed.cpp; sourceTree = "<group>"; };
		3152364A24D1C19B000D6C5C /* RoomAllocator */ = {isa = PBXFileReference; explicitFileType = "compiled.mach-o.executable"; includeInIndex = 0; path = RoomAllocator; sourceTree = BUILT_PRODUCTS_DIR; };
		3152365124D1C1C3000D6C5C /* RoomAllocator.cpp */ = {isa = PBXFileReference; lastKnownFileType = sourcecode.cpp.cpp; path = RoomAllocator.cpp; sourceTree = "<group>"; };
		3152365324D1C1FE000D6C5C /* data.txt */ = {isa = PBXFileReference; lastKnownFileType = text; path = data.txt; sourceTree = "<group>"; };
		3152365424D1C205000D6C5C /* Description.md */ = {isa = PBXFileReference; lastKnownFileType = net.daringfireball.markdown; path = Description.md; sourceTree = "<group>"; };
		3156D2DF24BD92830090066F /* data.txt */ = {isa = PBXFileReference; lastKnownFileType = text; path = data.txt; sourceTree = "<group>"; };
		3156D2E624BD985A0090066F /* LongestSubsequence.cpp */ = {isa = PBXFileReference; lastKnownFileType = sourcecode.cpp.cpp; path = LongestSubsequence.cpp; sourceTree = "<group>"; };
		3156D2EB24BD99730090066F /* data.txt */ = {isa = PBXFileReference; lastKnownFileType = text; path = data.txt; sourceTree = "<group>"; };
		3156D2EC24BD99BA0090066F /* Description.md */ = {isa = PBXFileReference; lastKnownFileType = net.daringfireball.markdown; path = Description.md; sourceTree = "<group>"; };
		3156D2F124BDC9720090066F /* LongestSubsequence */ = {isa = PBXFileReference; explicitFileType = "compiled.mach-o.executable"; includeInIndex = 0; path = LongestSubsequence; sourceTree = BUILT_PRODUCTS_DIR; };
		3184A70C24E2805000E95157 /* RoadNetwork */ = {isa = PBXFileReference; explicitFileType = "compiled.mach-o.executable"; includeInIndex = 0; path = RoadNetwork; sourceTree = BUILT_PRODUCTS_DIR; };
		3184A71324E2806C00E95157 /* RoadNetwork.cpp */ = {isa = PBXFileReference; lastKnownFileType = sourcecode.cpp.cpp; path = RoadNetwork.cpp; sourceTree = "<group>"; };
		3184A71524E280B900E95157 /* data.txt */ = {isa = PBXFileReference; lastKnownFileType = text; path = data.txt; sourceTree = "<group>"; };
		3184A71624E280CA00E95157 /* Description.md */ = {isa = PBXFileReference; lastKnownFileType = net.daringfireball.markdown; path = Description.md; sourceTree = "<group>"; };
		31858E2F24D1C8D400E72D20 /* FindOccurrences */ = {isa = PBXFileReference; explicitFileType = "compiled.mach-o.executable"; includeInIndex = 0; path = FindOccurrences; sourceTree = BUILT_PRODUCTS_DIR; };
		31858E3624D1C8F100E72D20 /* FindOccurrences.cpp */ = {isa = PBXFileReference; lastKnownFileType = sourcecode.cpp.cpp; path = FindOccurrences.cpp; sourceTree = "<group>"; };
		31858E3824D1C8FD00E72D20 /* data.txt */ = {isa = PBXFileReference; lastKnownFileType = text; path = data.txt; sourceTree = "<group>"; };
		31858E3924D1C90400E72D20 /* Description.md */ = {isa = PBXFileReference; lastKnownFileType = net.daringfireball.markdown; path = Description.md; sourceTree = "<group>"; };
		3185D95024B844A3007DF821 /* Sort */ = {isa = PBXFileReference; explicitFileType = "compiled.mach-o.executable"; includeInIndex = 0; path = Sort; sourceTree = BUILT_PRODUCTS_DIR; };
		3185D95724B844C0007DF821 /* Sort.cpp */ = {isa = PBXFileReference; lastKnownFileType = sourcecode.cpp.cpp; path = Sort.cpp; sourceTree = "<group>"; };
		3185D95D24B844F9007DF821 /* Search */ = {isa = PBXFileReference; explicitFileType = "compiled.mach-o.executable"; includeInIndex = 0; path = Search; sourceTree = BUILT_PRODUCTS_DIR; };
		3185D95F24B844F9007DF821 /* Search.cpp */ = {isa = PBXFileReference; lastKnownFileType = sourcecode.cpp.cpp; path = Search.cpp; sourceTree = "<group>"; };
		3185D96824B8451E007DF821 /* SumOfPairs */ = {isa = PBXFileReference; explicitFileType = "compiled.mach-o.executable"; includeInIndex = 0; path = SumOfPairs; sourceTree = BUILT_PRODUCTS_DIR; };
		3185D96A24B8451E007DF821 /* SumOfPairs.cpp */ = {isa = PBXFileReference; lastKnownFileType = sourcecode.cpp.cpp; path = SumOfPairs.cpp; sourceTree = "<group>"; };
/* End PBXFileReference section */

/* Begin PBXFrameworksBuildPhase section */
		31076E4724DA725800E5C101 /* Frameworks */ = {
			isa = PBXFrameworksBuildPhase;
			buildActionMask = 2147483647;
			files = (
			);
			runOnlyForDeploymentPostprocessing = 0;
		};
		311922F424BEC6FE009FF0F0 /* Frameworks */ = {
			isa = PBXFrameworksBuildPhase;
			buildActionMask = 2147483647;
			files = (
			);
			runOnlyForDeploymentPostprocessing = 0;
		};
		311A2ADD24B84406000FFBFE /* Frameworks */ = {
			isa = PBXFrameworksBuildPhase;
			buildActionMask = 2147483647;
			files = (
			);
			runOnlyForDeploymentPostprocessing = 0;
		};
		3152364724D1C19B000D6C5C /* Frameworks */ = {
			isa = PBXFrameworksBuildPhase;
			buildActionMask = 2147483647;
			files = (
			);
			runOnlyForDeploymentPostprocessing = 0;
		};
		3156D2EE24BDC9720090066F /* Frameworks */ = {
			isa = PBXFrameworksBuildPhase;
			buildActionMask = 2147483647;
			files = (
			);
			runOnlyForDeploymentPostprocessing = 0;
		};
		3184A70924E2805000E95157 /* Frameworks */ = {
			isa = PBXFrameworksBuildPhase;
			buildActionMask = 2147483647;
			files = (
			);
			runOnlyForDeploymentPostprocessing = 0;
		};
		31858E2C24D1C8D400E72D20 /* Frameworks */ = {
			isa = PBXFrameworksBuildPhase;
			buildActionMask = 2147483647;
			files = (
			);
			runOnlyForDeploymentPostprocessing = 0;
		};
		3185D94D24B844A3007DF821 /* Frameworks */ = {
			isa = PBXFrameworksBuildPhase;
			buildActionMask = 2147483647;
			files = (
			);
			runOnlyForDeploymentPostprocessing = 0;
		};
		3185D95A24B844F9007DF821 /* Frameworks */ = {
			isa = PBXFrameworksBuildPhase;
			buildActionMask = 2147483647;
			files = (
			);
			runOnlyForDeploymentPostprocessing = 0;
		};
		3185D96524B8451E007DF821 /* Frameworks */ = {
			isa = PBXFrameworksBuildPhase;
			buildActionMask = 2147483647;
			files = (
			);
			runOnlyForDeploymentPostprocessing = 0;
		};
/* End PBXFrameworksBuildPhase section */

/* Begin PBXGroup section */
		31076E4B24DA725800E5C101 /* NumberOfOnes */ = {
			isa = PBXGroup;
			children = (
				31076E5124DA727200E5C101 /* NumberOfOnes.cpp */,
				31076E5324DA728000E5C101 /* data.txt */,
				31076E5424DA728B00E5C101 /* Description.md */,
			);
			path = NumberOfOnes;
			sourceTree = "<group>";
		};
		311922F224BEC6B6009FF0F0 /* Greedy */ = {
			isa = PBXGroup;
			children = (
				311922F824BEC6FE009FF0F0 /* LineSegments */,
				3152364B24D1C19B000D6C5C /* RoomAllocator */,
			);
			path = Greedy;
			sourceTree = "<group>";
		};
		311922F824BEC6FE009FF0F0 /* LineSegments */ = {
			isa = PBXGroup;
			children = (
				311922FE24BEC71E009FF0F0 /* LineSegments.cpp */,
				3119230124BEC84F009FF0F0 /* data.txt */,
				3119230024BEC75C009FF0F0 /* Description.md */,
			);
			path = LineSegments;
			sourceTree = "<group>";
		};
		311A2AC924B843EF000FFBFE = {
			isa = PBXGroup;
			children = (
				3156D2DE24BD925B0090066F /* testbed */,
				3185D95124B844A3007DF821 /* Sort */,
				3185D95E24B844F9007DF821 /* Search */,
				311922F224BEC6B6009FF0F0 /* Greedy */,
				3152365524D1C7B5000D6C5C /* Divide and Conquer */,
				311A2AD324B843EF000FFBFE /* Products */,
			);
			sourceTree = "<group>";
		};
		311A2AD324B843EF000FFBFE /* Products */ = {
			isa = PBXGroup;
			children = (
				311A2AE024B84406000FFBFE /* testbed */,
				3185D95024B844A3007DF821 /* Sort */,
				3185D95D24B844F9007DF821 /* Search */,
				3185D96824B8451E007DF821 /* SumOfPairs */,
				3156D2F124BDC9720090066F /* LongestSubsequence */,
				311922F724BEC6FE009FF0F0 /* LineSegments */,
				3152364A24D1C19B000D6C5C /* RoomAllocator */,
				31858E2F24D1C8D400E72D20 /* FindOccurrences */,
				31076E4A24DA725800E5C101 /* NumberOfOnes */,
				3184A70C24E2805000E95157 /* RoadNetwork */,
			);
			name = Products;
			sourceTree = "<group>";
		};
		3152364B24D1C19B000D6C5C /* RoomAllocator */ = {
			isa = PBXGroup;
			children = (
				3152365124D1C1C3000D6C5C /* RoomAllocator.cpp */,
				3152365324D1C1FE000D6C5C /* data.txt */,
				3152365424D1C205000D6C5C /* Description.md */,
			);
			path = RoomAllocator;
			sourceTree = "<group>";
		};
		3152365524D1C7B5000D6C5C /* Divide and Conquer */ = {
			isa = PBXGroup;
			children = (
				31858E3024D1C8D400E72D20 /* FindOccurrences */,
				31076E4B24DA725800E5C101 /* NumberOfOnes */,
			);
			path = "Divide and Conquer";
			sourceTree = "<group>";
		};
		3156D2DE24BD925B0090066F /* testbed */ = {
			isa = PBXGroup;
			children = (
				311A2AE224B84406000FFBFE /* testbed.cpp */,
				3156D2DF24BD92830090066F /* data.txt */,
			);
			path = testbed;
			sourceTree = "<group>";
		};
		3156D2F224BDC9720090066F /* LongestSubsequence */ = {
			isa = PBXGroup;
			children = (
				3156D2E624BD985A0090066F /* LongestSubsequence.cpp */,
				3156D2EB24BD99730090066F /* data.txt */,
				3156D2EC24BD99BA0090066F /* Description.md */,
			);
			path = LongestSubsequence;
			sourceTree = "<group>";
		};
		3184A70D24E2805000E95157 /* RoadNetwork */ = {
			isa = PBXGroup;
			children = (
				3184A71324E2806C00E95157 /* RoadNetwork.cpp */,
				3184A71524E280B900E95157 /* data.txt */,
				3184A71624E280CA00E95157 /* Description.md */,
			);
			path = RoadNetwork;
			sourceTree = "<group>";
		};
		31858E3024D1C8D400E72D20 /* FindOccurrences */ = {
			isa = PBXGroup;
			children = (
				31858E3624D1C8F100E72D20 /* FindOccurrences.cpp */,
				31858E3824D1C8FD00E72D20 /* data.txt */,
				31858E3924D1C90400E72D20 /* Description.md */,
			);
			path = FindOccurrences;
			sourceTree = "<group>";
		};
		3185D95124B844A3007DF821 /* Sort */ = {
			isa = PBXGroup;
			children = (
				3185D95724B844C0007DF821 /* Sort.cpp */,
			);
			path = Sort;
			sourceTree = "<group>";
		};
		3185D95E24B844F9007DF821 /* Search */ = {
			isa = PBXGroup;
			children = (
				3185D95F24B844F9007DF821 /* Search.cpp */,
				3185D96924B8451E007DF821 /* SumOfPairs */,
				3156D2F224BDC9720090066F /* LongestSubsequence */,
				3184A70D24E2805000E95157 /* RoadNetwork */,
			);
			path = Search;
			sourceTree = "<group>";
		};
		3185D96924B8451E007DF821 /* SumOfPairs */ = {
			isa = PBXGroup;
			children = (
				3185D96A24B8451E007DF821 /* SumOfPairs.cpp */,
				3115A14C24B875EA0017D543 /* data.txt */,
				3115A14D24B876310017D543 /* Description.md */,
			);
			path = SumOfPairs;
			sourceTree = "<group>";
		};
/* End PBXGroup section */

/* Begin PBXNativeTarget section */
		31076E4924DA725800E5C101 /* NumberOfOnes */ = {
			isa = PBXNativeTarget;
			buildConfigurationList = 31076E5024DA725800E5C101 /* Build configuration list for PBXNativeTarget "NumberOfOnes" */;
			buildPhases = (
				31076E4624DA725800E5C101 /* Sources */,
				31076E4724DA725800E5C101 /* Frameworks */,
				31076E4824DA725800E5C101 /* CopyFiles */,
			);
			buildRules = (
			);
			dependencies = (
			);
			name = NumberOfOnes;
			productName = NumberOfOnes;
			productReference = 31076E4A24DA725800E5C101 /* NumberOfOnes */;
			productType = "com.apple.product-type.tool";
		};
		311922F624BEC6FE009FF0F0 /* LineSegments */ = {
			isa = PBXNativeTarget;
			buildConfigurationList = 311922FB24BEC6FE009FF0F0 /* Build configuration list for PBXNativeTarget "LineSegments" */;
			buildPhases = (
				311922F324BEC6FE009FF0F0 /* Sources */,
				311922F424BEC6FE009FF0F0 /* Frameworks */,
				311922F524BEC6FE009FF0F0 /* CopyFiles */,
			);
			buildRules = (
			);
			dependencies = (
			);
			name = LineSegments;
			productName = LineSegments;
			productReference = 311922F724BEC6FE009FF0F0 /* LineSegments */;
			productType = "com.apple.product-type.tool";
		};
		311A2ADF24B84406000FFBFE /* testbed */ = {
			isa = PBXNativeTarget;
			buildConfigurationList = 311A2AE424B84406000FFBFE /* Build configuration list for PBXNativeTarget "testbed" */;
			buildPhases = (
				311A2ADC24B84406000FFBFE /* Sources */,
				311A2ADD24B84406000FFBFE /* Frameworks */,
				311A2ADE24B84406000FFBFE /* CopyFiles */,
			);
			buildRules = (
			);
			dependencies = (
			);
			name = testbed;
			productName = testbed;
			productReference = 311A2AE024B84406000FFBFE /* testbed */;
			productType = "com.apple.product-type.tool";
		};
		3152364924D1C19B000D6C5C /* RoomAllocator */ = {
			isa = PBXNativeTarget;
			buildConfigurationList = 3152365024D1C19B000D6C5C /* Build configuration list for PBXNativeTarget "RoomAllocator" */;
			buildPhases = (
				3152364624D1C19B000D6C5C /* Sources */,
				3152364724D1C19B000D6C5C /* Frameworks */,
				3152364824D1C19B000D6C5C /* CopyFiles */,
			);
			buildRules = (
			);
			dependencies = (
			);
			name = RoomAllocator;
			productName = RoomAllocator;
			productReference = 3152364A24D1C19B000D6C5C /* RoomAllocator */;
			productType = "com.apple.product-type.tool";
		};
		3156D2F024BDC9720090066F /* LongestSubsequence */ = {
			isa = PBXNativeTarget;
			buildConfigurationList = 3156D2F524BDC9720090066F /* Build configuration list for PBXNativeTarget "LongestSubsequence" */;
			buildPhases = (
				3156D2ED24BDC9720090066F /* Sources */,
				3156D2EE24BDC9720090066F /* Frameworks */,
				3156D2EF24BDC9720090066F /* CopyFiles */,
			);
			buildRules = (
			);
			dependencies = (
			);
			name = LongestSubsequence;
			productName = LongestSubsequence;
			productReference = 3156D2F124BDC9720090066F /* LongestSubsequence */;
			productType = "com.apple.product-type.tool";
		};
		3184A70B24E2805000E95157 /* RoadNetwork */ = {
			isa = PBXNativeTarget;
			buildConfigurationList = 3184A71224E2805000E95157 /* Build configuration list for PBXNativeTarget "RoadNetwork" */;
			buildPhases = (
				3184A70824E2805000E95157 /* Sources */,
				3184A70924E2805000E95157 /* Frameworks */,
				3184A70A24E2805000E95157 /* CopyFiles */,
			);
			buildRules = (
			);
			dependencies = (
			);
			name = RoadNetwork;
			productName = RoadNetwork;
			productReference = 3184A70C24E2805000E95157 /* RoadNetwork */;
			productType = "com.apple.product-type.tool";
		};
		31858E2E24D1C8D400E72D20 /* FindOccurrences */ = {
			isa = PBXNativeTarget;
			buildConfigurationList = 31858E3524D1C8D400E72D20 /* Build configuration list for PBXNativeTarget "FindOccurrences" */;
			buildPhases = (
				31858E2B24D1C8D400E72D20 /* Sources */,
				31858E2C24D1C8D400E72D20 /* Frameworks */,
				31858E2D24D1C8D400E72D20 /* CopyFiles */,
			);
			buildRules = (
			);
			dependencies = (
			);
			name = FindOccurrences;
			productName = FindOccurrences;
			productReference = 31858E2F24D1C8D400E72D20 /* FindOccurrences */;
			productType = "com.apple.product-type.tool";
		};
		3185D94F24B844A3007DF821 /* Sort */ = {
			isa = PBXNativeTarget;
			buildConfigurationList = 3185D95424B844A3007DF821 /* Build configuration list for PBXNativeTarget "Sort" */;
			buildPhases = (
				3185D94C24B844A3007DF821 /* Sources */,
				3185D94D24B844A3007DF821 /* Frameworks */,
				3185D94E24B844A3007DF821 /* CopyFiles */,
			);
			buildRules = (
			);
			dependencies = (
			);
			name = Sort;
			productName = Sort;
			productReference = 3185D95024B844A3007DF821 /* Sort */;
			productType = "com.apple.product-type.tool";
		};
		3185D95C24B844F9007DF821 /* Search */ = {
			isa = PBXNativeTarget;
			buildConfigurationList = 3185D96124B844F9007DF821 /* Build configuration list for PBXNativeTarget "Search" */;
			buildPhases = (
				3185D95924B844F9007DF821 /* Sources */,
				3185D95A24B844F9007DF821 /* Frameworks */,
				3185D95B24B844F9007DF821 /* CopyFiles */,
			);
			buildRules = (
			);
			dependencies = (
			);
			name = Search;
			productName = Search;
			productReference = 3185D95D24B844F9007DF821 /* Search */;
			productType = "com.apple.product-type.tool";
		};
		3185D96724B8451E007DF821 /* SumOfPairs */ = {
			isa = PBXNativeTarget;
			buildConfigurationList = 3185D96E24B8451E007DF821 /* Build configuration list for PBXNativeTarget "SumOfPairs" */;
			buildPhases = (
				3185D96424B8451E007DF821 /* Sources */,
				3185D96524B8451E007DF821 /* Frameworks */,
				3185D96624B8451E007DF821 /* CopyFiles */,
			);
			buildRules = (
			);
			dependencies = (
			);
			name = SumOfPairs;
			productName = SumOfPairs;
			productReference = 3185D96824B8451E007DF821 /* SumOfPairs */;
			productType = "com.apple.product-type.tool";
		};
/* End PBXNativeTarget section */

/* Begin PBXProject section */
		311A2ACA24B843EF000FFBFE /* Project object */ = {
			isa = PBXProject;
			attributes = {
				LastUpgradeCheck = 1160;
				ORGANIZATIONNAME = "Qi Tianshi";
				TargetAttributes = {
					31076E4924DA725800E5C101 = {
						CreatedOnToolsVersion = 11.6;
					};
					311922F624BEC6FE009FF0F0 = {
						CreatedOnToolsVersion = 11.5;
					};
					311A2ADF24B84406000FFBFE = {
						CreatedOnToolsVersion = 11.5;
					};
					3152364924D1C19B000D6C5C = {
						CreatedOnToolsVersion = 11.6;
					};
					3156D2F024BDC9720090066F = {
						CreatedOnToolsVersion = 11.5;
					};
					3184A70B24E2805000E95157 = {
						CreatedOnToolsVersion = 11.6;
					};
					31858E2E24D1C8D400E72D20 = {
						CreatedOnToolsVersion = 11.6;
					};
					3185D94F24B844A3007DF821 = {
						CreatedOnToolsVersion = 11.5;
					};
					3185D95C24B844F9007DF821 = {
						CreatedOnToolsVersion = 11.5;
					};
					3185D96724B8451E007DF821 = {
						CreatedOnToolsVersion = 11.5;
					};
				};
			};
			buildConfigurationList = 311A2ACD24B843EF000FFBFE /* Build configuration list for PBXProject "C++" */;
			compatibilityVersion = "Xcode 9.3";
			developmentRegion = en;
			hasScannedForEncodings = 0;
			knownRegions = (
				en,
				Base,
			);
			mainGroup = 311A2AC924B843EF000FFBFE;
			productRefGroup = 311A2AD324B843EF000FFBFE /* Products */;
			projectDirPath = "";
			projectRoot = "";
			targets = (
				311A2ADF24B84406000FFBFE /* testbed */,
				3185D94F24B844A3007DF821 /* Sort */,
				3185D95C24B844F9007DF821 /* Search */,
				3185D96724B8451E007DF821 /* SumOfPairs */,
				3156D2F024BDC9720090066F /* LongestSubsequence */,
				311922F624BEC6FE009FF0F0 /* LineSegments */,
				3152364924D1C19B000D6C5C /* RoomAllocator */,
				31858E2E24D1C8D400E72D20 /* FindOccurrences */,
				31076E4924DA725800E5C101 /* NumberOfOnes */,
				3184A70B24E2805000E95157 /* RoadNetwork */,
			);
		};
/* End PBXProject section */

/* Begin PBXSourcesBuildPhase section */
		31076E4624DA725800E5C101 /* Sources */ = {
			isa = PBXSourcesBuildPhase;
			buildActionMask = 2147483647;
			files = (
				31076E5224DA727200E5C101 /* NumberOfOnes.cpp in Sources */,
			);
			runOnlyForDeploymentPostprocessing = 0;
		};
		311922F324BEC6FE009FF0F0 /* Sources */ = {
			isa = PBXSourcesBuildPhase;
			buildActionMask = 2147483647;
			files = (
				311922FF24BEC71E009FF0F0 /* LineSegments.cpp in Sources */,
			);
			runOnlyForDeploymentPostprocessing = 0;
		};
		311A2ADC24B84406000FFBFE /* Sources */ = {
			isa = PBXSourcesBuildPhase;
			buildActionMask = 2147483647;
			files = (
				311A2AE324B84406000FFBFE /* testbed.cpp in Sources */,
			);
			runOnlyForDeploymentPostprocessing = 0;
		};
		3152364624D1C19B000D6C5C /* Sources */ = {
			isa = PBXSourcesBuildPhase;
			buildActionMask = 2147483647;
			files = (
				3152365224D1C1C3000D6C5C /* RoomAllocator.cpp in Sources */,
			);
			runOnlyForDeploymentPostprocessing = 0;
		};
		3156D2ED24BDC9720090066F /* Sources */ = {
			isa = PBXSourcesBuildPhase;
			buildActionMask = 2147483647;
			files = (
				3156D2F824BDC9D30090066F /* LongestSubsequence.cpp in Sources */,
			);
			runOnlyForDeploymentPostprocessing = 0;
		};
		3184A70824E2805000E95157 /* Sources */ = {
			isa = PBXSourcesBuildPhase;
			buildActionMask = 2147483647;
			files = (
				3184A71424E2806C00E95157 /* RoadNetwork.cpp in Sources */,
			);
			runOnlyForDeploymentPostprocessing = 0;
		};
		31858E2B24D1C8D400E72D20 /* Sources */ = {
			isa = PBXSourcesBuildPhase;
			buildActionMask = 2147483647;
			files = (
				31858E3724D1C8F100E72D20 /* FindOccurrences.cpp in Sources */,
			);
			runOnlyForDeploymentPostprocessing = 0;
		};
		3185D94C24B844A3007DF821 /* Sources */ = {
			isa = PBXSourcesBuildPhase;
			buildActionMask = 2147483647;
			files = (
				3185D95824B844C0007DF821 /* Sort.cpp in Sources */,
			);
			runOnlyForDeploymentPostprocessing = 0;
		};
		3185D95924B844F9007DF821 /* Sources */ = {
			isa = PBXSourcesBuildPhase;
			buildActionMask = 2147483647;
			files = (
				3185D96024B844F9007DF821 /* Search.cpp in Sources */,
			);
			runOnlyForDeploymentPostprocessing = 0;
		};
		3185D96424B8451E007DF821 /* Sources */ = {
			isa = PBXSourcesBuildPhase;
			buildActionMask = 2147483647;
			files = (
				3185D96B24B8451E007DF821 /* SumOfPairs.cpp in Sources */,
			);
			runOnlyForDeploymentPostprocessing = 0;
		};
/* End PBXSourcesBuildPhase section */

/* Begin XCBuildConfiguration section */
		31076E4E24DA725800E5C101 /* Debug */ = {
			isa = XCBuildConfiguration;
			buildSettings = {
				CODE_SIGN_STYLE = Automatic;
				DEVELOPMENT_TEAM = PPPHHG5497;
				ENABLE_HARDENED_RUNTIME = YES;
				PRODUCT_NAME = "$(TARGET_NAME)";
			};
			name = Debug;
		};
		31076E4F24DA725800E5C101 /* Release */ = {
			isa = XCBuildConfiguration;
			buildSettings = {
				CODE_SIGN_STYLE = Automatic;
				DEVELOPMENT_TEAM = PPPHHG5497;
				ENABLE_HARDENED_RUNTIME = YES;
				PRODUCT_NAME = "$(TARGET_NAME)";
			};
			name = Release;
		};
		311922FC24BEC6FE009FF0F0 /* Debug */ = {
			isa = XCBuildConfiguration;
			buildSettings = {
				CODE_SIGN_IDENTITY = "-";
				CODE_SIGN_STYLE = Automatic;
				DEVELOPMENT_TEAM = PPPHHG5497;
				ENABLE_HARDENED_RUNTIME = YES;
				PRODUCT_NAME = "$(TARGET_NAME)";
			};
			name = Debug;
		};
		311922FD24BEC6FE009FF0F0 /* Release */ = {
			isa = XCBuildConfiguration;
			buildSettings = {
				CODE_SIGN_IDENTITY = "-";
				CODE_SIGN_STYLE = Automatic;
				DEVELOPMENT_TEAM = PPPHHG5497;
				ENABLE_HARDENED_RUNTIME = YES;
				PRODUCT_NAME = "$(TARGET_NAME)";
			};
			name = Release;
		};
		311A2AD724B843EF000FFBFE /* Debug */ = {
			isa = XCBuildConfiguration;
			buildSettings = {
				ALWAYS_SEARCH_USER_PATHS = NO;
				CLANG_ANALYZER_NONNULL = YES;
				CLANG_ANALYZER_NUMBER_OBJECT_CONVERSION = YES_AGGRESSIVE;
				CLANG_CXX_LANGUAGE_STANDARD = "gnu++14";
				CLANG_CXX_LIBRARY = "libc++";
				CLANG_ENABLE_MODULES = YES;
				CLANG_ENABLE_OBJC_ARC = YES;
				CLANG_ENABLE_OBJC_WEAK = YES;
				CLANG_WARN_BLOCK_CAPTURE_AUTORELEASING = YES;
				CLANG_WARN_BOOL_CONVERSION = YES;
				CLANG_WARN_COMMA = YES;
				CLANG_WARN_CONSTANT_CONVERSION = YES;
				CLANG_WARN_DEPRECATED_OBJC_IMPLEMENTATIONS = YES;
				CLANG_WARN_DIRECT_OBJC_ISA_USAGE = YES_ERROR;
				CLANG_WARN_DOCUMENTATION_COMMENTS = YES;
				CLANG_WARN_EMPTY_BODY = YES;
				CLANG_WARN_ENUM_CONVERSION = YES;
				CLANG_WARN_INFINITE_RECURSION = YES;
				CLANG_WARN_INT_CONVERSION = YES;
				CLANG_WARN_NON_LITERAL_NULL_CONVERSION = YES;
				CLANG_WARN_OBJC_IMPLICIT_RETAIN_SELF = YES;
				CLANG_WARN_OBJC_LITERAL_CONVERSION = YES;
				CLANG_WARN_OBJC_ROOT_CLASS = YES_ERROR;
				CLANG_WARN_RANGE_LOOP_ANALYSIS = YES;
				CLANG_WARN_STRICT_PROTOTYPES = YES;
				CLANG_WARN_SUSPICIOUS_MOVE = YES;
				CLANG_WARN_UNGUARDED_AVAILABILITY = YES_AGGRESSIVE;
				CLANG_WARN_UNREACHABLE_CODE = YES;
				CLANG_WARN__DUPLICATE_METHOD_MATCH = YES;
				COPY_PHASE_STRIP = NO;
				DEBUG_INFORMATION_FORMAT = dwarf;
				ENABLE_STRICT_OBJC_MSGSEND = YES;
				ENABLE_TESTABILITY = YES;
				GCC_C_LANGUAGE_STANDARD = gnu11;
				GCC_DYNAMIC_NO_PIC = NO;
				GCC_NO_COMMON_BLOCKS = YES;
				GCC_OPTIMIZATION_LEVEL = 0;
				GCC_PREPROCESSOR_DEFINITIONS = (
					"DEBUG=1",
					"$(inherited)",
				);
				GCC_WARN_64_TO_32_BIT_CONVERSION = YES;
				GCC_WARN_ABOUT_RETURN_TYPE = YES_ERROR;
				GCC_WARN_UNDECLARED_SELECTOR = YES;
				GCC_WARN_UNINITIALIZED_AUTOS = YES_AGGRESSIVE;
				GCC_WARN_UNUSED_FUNCTION = YES;
				GCC_WARN_UNUSED_VARIABLE = YES;
				MACOSX_DEPLOYMENT_TARGET = 10.15;
				MTL_ENABLE_DEBUG_INFO = INCLUDE_SOURCE;
				MTL_FAST_MATH = YES;
				ONLY_ACTIVE_ARCH = YES;
				SDKROOT = macosx;
			};
			name = Debug;
		};
		311A2AD824B843EF000FFBFE /* Release */ = {
			isa = XCBuildConfiguration;
			buildSettings = {
				ALWAYS_SEARCH_USER_PATHS = NO;
				CLANG_ANALYZER_NONNULL = YES;
				CLANG_ANALYZER_NUMBER_OBJECT_CONVERSION = YES_AGGRESSIVE;
				CLANG_CXX_LANGUAGE_STANDARD = "gnu++14";
				CLANG_CXX_LIBRARY = "libc++";
				CLANG_ENABLE_MODULES = YES;
				CLANG_ENABLE_OBJC_ARC = YES;
				CLANG_ENABLE_OBJC_WEAK = YES;
				CLANG_WARN_BLOCK_CAPTURE_AUTORELEASING = YES;
				CLANG_WARN_BOOL_CONVERSION = YES;
				CLANG_WARN_COMMA = YES;
				CLANG_WARN_CONSTANT_CONVERSION = YES;
				CLANG_WARN_DEPRECATED_OBJC_IMPLEMENTATIONS = YES;
				CLANG_WARN_DIRECT_OBJC_ISA_USAGE = YES_ERROR;
				CLANG_WARN_DOCUMENTATION_COMMENTS = YES;
				CLANG_WARN_EMPTY_BODY = YES;
				CLANG_WARN_ENUM_CONVERSION = YES;
				CLANG_WARN_INFINITE_RECURSION = YES;
				CLANG_WARN_INT_CONVERSION = YES;
				CLANG_WARN_NON_LITERAL_NULL_CONVERSION = YES;
				CLANG_WARN_OBJC_IMPLICIT_RETAIN_SELF = YES;
				CLANG_WARN_OBJC_LITERAL_CONVERSION = YES;
				CLANG_WARN_OBJC_ROOT_CLASS = YES_ERROR;
				CLANG_WARN_RANGE_LOOP_ANALYSIS = YES;
				CLANG_WARN_STRICT_PROTOTYPES = YES;
				CLANG_WARN_SUSPICIOUS_MOVE = YES;
				CLANG_WARN_UNGUARDED_AVAILABILITY = YES_AGGRESSIVE;
				CLANG_WARN_UNREACHABLE_CODE = YES;
				CLANG_WARN__DUPLICATE_METHOD_MATCH = YES;
				COPY_PHASE_STRIP = NO;
				DEBUG_INFORMATION_FORMAT = "dwarf-with-dsym";
				ENABLE_NS_ASSERTIONS = NO;
				ENABLE_STRICT_OBJC_MSGSEND = YES;
				GCC_C_LANGUAGE_STANDARD = gnu11;
				GCC_NO_COMMON_BLOCKS = YES;
				GCC_WARN_64_TO_32_BIT_CONVERSION = YES;
				GCC_WARN_ABOUT_RETURN_TYPE = YES_ERROR;
				GCC_WARN_UNDECLARED_SELECTOR = YES;
				GCC_WARN_UNINITIALIZED_AUTOS = YES_AGGRESSIVE;
				GCC_WARN_UNUSED_FUNCTION = YES;
				GCC_WARN_UNUSED_VARIABLE = YES;
				MACOSX_DEPLOYMENT_TARGET = 10.15;
				MTL_ENABLE_DEBUG_INFO = NO;
				MTL_FAST_MATH = YES;
				SDKROOT = macosx;
			};
			name = Release;
		};
		311A2AE524B84406000FFBFE /* Debug */ = {
			isa = XCBuildConfiguration;
			buildSettings = {
				CODE_SIGN_IDENTITY = "-";
				CODE_SIGN_STYLE = Automatic;
				DEVELOPMENT_TEAM = PPPHHG5497;
				ENABLE_HARDENED_RUNTIME = YES;
				PRODUCT_NAME = "$(TARGET_NAME)";
			};
			name = Debug;
		};
		311A2AE624B84406000FFBFE /* Release */ = {
			isa = XCBuildConfiguration;
			buildSettings = {
				CODE_SIGN_IDENTITY = "-";
				CODE_SIGN_STYLE = Automatic;
				DEVELOPMENT_TEAM = PPPHHG5497;
				ENABLE_HARDENED_RUNTIME = YES;
				PRODUCT_NAME = "$(TARGET_NAME)";
			};
			name = Release;
		};
		3152364E24D1C19B000D6C5C /* Debug */ = {
			isa = XCBuildConfiguration;
			buildSettings = {
				CODE_SIGN_STYLE = Automatic;
				DEVELOPMENT_TEAM = PPPHHG5497;
				ENABLE_HARDENED_RUNTIME = YES;
				PRODUCT_NAME = "$(TARGET_NAME)";
			};
			name = Debug;
		};
		3152364F24D1C19B000D6C5C /* Release */ = {
			isa = XCBuildConfiguration;
			buildSettings = {
				CODE_SIGN_STYLE = Automatic;
				DEVELOPMENT_TEAM = PPPHHG5497;
				ENABLE_HARDENED_RUNTIME = YES;
				PRODUCT_NAME = "$(TARGET_NAME)";
			};
			name = Release;
		};
		3156D2F624BDC9720090066F /* Debug */ = {
			isa = XCBuildConfiguration;
			buildSettings = {
				CODE_SIGN_IDENTITY = "-";
				CODE_SIGN_STYLE = Automatic;
				DEVELOPMENT_TEAM = PPPHHG5497;
				ENABLE_HARDENED_RUNTIME = YES;
				PRODUCT_NAME = "$(TARGET_NAME)";
			};
			name = Debug;
		};
		3156D2F724BDC9720090066F /* Release */ = {
			isa = XCBuildConfiguration;
			buildSettings = {
				CODE_SIGN_IDENTITY = "-";
				CODE_SIGN_STYLE = Automatic;
				DEVELOPMENT_TEAM = PPPHHG5497;
				ENABLE_HARDENED_RUNTIME = YES;
				PRODUCT_NAME = "$(TARGET_NAME)";
			};
			name = Release;
		};
		3184A71024E2805000E95157 /* Debug */ = {
			isa = XCBuildConfiguration;
			buildSettings = {
				CODE_SIGN_STYLE = Automatic;
				DEVELOPMENT_TEAM = PPPHHG5497;
				ENABLE_HARDENED_RUNTIME = YES;
				PRODUCT_NAME = "$(TARGET_NAME)";
			};
			name = Debug;
		};
		3184A71124E2805000E95157 /* Release */ = {
			isa = XCBuildConfiguration;
			buildSettings = {
				CODE_SIGN_STYLE = Automatic;
				DEVELOPMENT_TEAM = PPPHHG5497;
				ENABLE_HARDENED_RUNTIME = YES;
				PRODUCT_NAME = "$(TARGET_NAME)";
			};
			name = Release;
		};
		31858E3324D1C8D400E72D20 /* Debug */ = {
			isa = XCBuildConfiguration;
			buildSettings = {
				CODE_SIGN_STYLE = Automatic;
				DEVELOPMENT_TEAM = PPPHHG5497;
				ENABLE_HARDENED_RUNTIME = YES;
				PRODUCT_NAME = "$(TARGET_NAME)";
			};
			name = Debug;
		};
		31858E3424D1C8D400E72D20 /* Release */ = {
			isa = XCBuildConfiguration;
			buildSettings = {
				CODE_SIGN_STYLE = Automatic;
				DEVELOPMENT_TEAM = PPPHHG5497;
				ENABLE_HARDENED_RUNTIME = YES;
				PRODUCT_NAME = "$(TARGET_NAME)";
			};
			name = Release;
		};
		3185D95524B844A3007DF821 /* Debug */ = {
			isa = XCBuildConfiguration;
			buildSettings = {
				CODE_SIGN_IDENTITY = "-";
				CODE_SIGN_STYLE = Automatic;
				DEVELOPMENT_TEAM = PPPHHG5497;
				ENABLE_HARDENED_RUNTIME = YES;
				PRODUCT_NAME = "$(TARGET_NAME)";
			};
			name = Debug;
		};
		3185D95624B844A3007DF821 /* Release */ = {
			isa = XCBuildConfiguration;
			buildSettings = {
				CODE_SIGN_IDENTITY = "-";
				CODE_SIGN_STYLE = Automatic;
				DEVELOPMENT_TEAM = PPPHHG5497;
				ENABLE_HARDENED_RUNTIME = YES;
				PRODUCT_NAME = "$(TARGET_NAME)";
			};
			name = Release;
		};
		3185D96224B844F9007DF821 /* Debug */ = {
			isa = XCBuildConfiguration;
			buildSettings = {
				CODE_SIGN_IDENTITY = "-";
				CODE_SIGN_STYLE = Automatic;
				DEVELOPMENT_TEAM = PPPHHG5497;
				ENABLE_HARDENED_RUNTIME = YES;
				PRODUCT_NAME = "$(TARGET_NAME)";
			};
			name = Debug;
		};
		3185D96324B844F9007DF821 /* Release */ = {
			isa = XCBuildConfiguration;
			buildSettings = {
				CODE_SIGN_IDENTITY = "-";
				CODE_SIGN_STYLE = Automatic;
				DEVELOPMENT_TEAM = PPPHHG5497;
				ENABLE_HARDENED_RUNTIME = YES;
				PRODUCT_NAME = "$(TARGET_NAME)";
			};
			name = Release;
		};
		3185D96C24B8451E007DF821 /* Debug */ = {
			isa = XCBuildConfiguration;
			buildSettings = {
				CODE_SIGN_IDENTITY = "-";
				CODE_SIGN_STYLE = Automatic;
				DEVELOPMENT_TEAM = PPPHHG5497;
				ENABLE_HARDENED_RUNTIME = YES;
				PRODUCT_NAME = "$(TARGET_NAME)";
			};
			name = Debug;
		};
		3185D96D24B8451E007DF821 /* Release */ = {
			isa = XCBuildConfiguration;
			buildSettings = {
				CODE_SIGN_IDENTITY = "-";
				CODE_SIGN_STYLE = Automatic;
				DEVELOPMENT_TEAM = PPPHHG5497;
				ENABLE_HARDENED_RUNTIME = YES;
				PRODUCT_NAME = "$(TARGET_NAME)";
			};
			name = Release;
		};
/* End XCBuildConfiguration section */

/* Begin XCConfigurationList section */
		31076E5024DA725800E5C101 /* Build configuration list for PBXNativeTarget "NumberOfOnes" */ = {
			isa = XCConfigurationList;
			buildConfigurations = (
				31076E4E24DA725800E5C101 /* Debug */,
				31076E4F24DA725800E5C101 /* Release */,
			);
			defaultConfigurationIsVisible = 0;
			defaultConfigurationName = Release;
		};
		311922FB24BEC6FE009FF0F0 /* Build configuration list for PBXNativeTarget "LineSegments" */ = {
			isa = XCConfigurationList;
			buildConfigurations = (
				311922FC24BEC6FE009FF0F0 /* Debug */,
				311922FD24BEC6FE009FF0F0 /* Release */,
			);
			defaultConfigurationIsVisible = 0;
			defaultConfigurationName = Release;
		};
		311A2ACD24B843EF000FFBFE /* Build configuration list for PBXProject "C++" */ = {
			isa = XCConfigurationList;
			buildConfigurations = (
				311A2AD724B843EF000FFBFE /* Debug */,
				311A2AD824B843EF000FFBFE /* Release */,
			);
			defaultConfigurationIsVisible = 0;
			defaultConfigurationName = Release;
		};
		311A2AE424B84406000FFBFE /* Build configuration list for PBXNativeTarget "testbed" */ = {
			isa = XCConfigurationList;
			buildConfigurations = (
				311A2AE524B84406000FFBFE /* Debug */,
				311A2AE624B84406000FFBFE /* Release */,
			);
			defaultConfigurationIsVisible = 0;
			defaultConfigurationName = Release;
		};
		3152365024D1C19B000D6C5C /* Build configuration list for PBXNativeTarget "RoomAllocator" */ = {
			isa = XCConfigurationList;
			buildConfigurations = (
				3152364E24D1C19B000D6C5C /* Debug */,
				3152364F24D1C19B000D6C5C /* Release */,
			);
			defaultConfigurationIsVisible = 0;
			defaultConfigurationName = Release;
		};
		3156D2F524BDC9720090066F /* Build configuration list for PBXNativeTarget "LongestSubsequence" */ = {
			isa = XCConfigurationList;
			buildConfigurations = (
				3156D2F624BDC9720090066F /* Debug */,
				3156D2F724BDC9720090066F /* Release */,
			);
			defaultConfigurationIsVisible = 0;
			defaultConfigurationName = Release;
		};
		3184A71224E2805000E95157 /* Build configuration list for PBXNativeTarget "RoadNetwork" */ = {
			isa = XCConfigurationList;
			buildConfigurations = (
				3184A71024E2805000E95157 /* Debug */,
				3184A71124E2805000E95157 /* Release */,
			);
			defaultConfigurationIsVisible = 0;
			defaultConfigurationName = Release;
		};
		31858E3524D1C8D400E72D20 /* Build configuration list for PBXNativeTarget "FindOccurrences" */ = {
			isa = XCConfigurationList;
			buildConfigurations = (
				31858E3324D1C8D400E72D20 /* Debug */,
				31858E3424D1C8D400E72D20 /* Release */,
			);
			defaultConfigurationIsVisible = 0;
			defaultConfigurationName = Release;
		};
		3185D95424B844A3007DF821 /* Build configuration list for PBXNativeTarget "Sort" */ = {
			isa = XCConfigurationList;
			buildConfigurations = (
				3185D95524B844A3007DF821 /* Debug */,
				3185D95624B844A3007DF821 /* Release */,
			);
			defaultConfigurationIsVisible = 0;
			defaultConfigurationName = Release;
		};
		3185D96124B844F9007DF821 /* Build configuration list for PBXNativeTarget "Search" */ = {
			isa = XCConfigurationList;
			buildConfigurations = (
				3185D96224B844F9007DF821 /* Debug */,
				3185D96324B844F9007DF821 /* Release */,
			);
			defaultConfigurationIsVisible = 0;
			defaultConfigurationName = Release;
		};
		3185D96E24B8451E007DF821 /* Build configuration list for PBXNativeTarget "SumOfPairs" */ = {
			isa = XCConfigurationList;
			buildConfigurations = (
				3185D96C24B8451E007DF821 /* Debug */,
				3185D96D24B8451E007DF821 /* Release */,
			);
			defaultConfigurationIsVisible = 0;
			defaultConfigurationName = Release;
		};
/* End XCConfigurationList section */
	};
	rootObject = 311A2ACA24B843EF000FFBFE /* Project object */;
}
